
Microsoft Visual Studio Solution File, Format Version 12.00
# Visual Studio Version 17
VisualStudioVersion = 17.5.002.0
MinimumVisualStudioVersion = 10.0.40219.1
Project("{9A19103F-16F7-4668-BE54-9A1E7A4F7556}") = "MvcMovie", "MvcMovie.csproj", "{A152A990-8BB8-4CBD-B4E5-3F7AA7CBF508}"
EndProject
Global
	GlobalSection(SolutionConfigurationPlatforms) = preSolution
		Debug|Any CPU = Debug|Any CPU
		Release|Any CPU = Release|Any CPU
	EndGlobalSection
	GlobalSection(ProjectConfigurationPlatforms) = postSolution
		{A152A990-8BB8-4CBD-B4E5-3F7AA7CBF508}.Debug|Any CPU.ActiveCfg = Debug|Any CPU
		{A152A990-8BB8-4CBD-B4E5-3F7AA7CBF508}.Debug|Any CPU.Build.0 = Debug|Any CPU
		{A152A990-8BB8-4CBD-B4E5-3F7AA7CBF508}.Release|Any CPU.ActiveCfg = Release|Any CPU
		{A152A990-8BB8-4CBD-B4E5-3F7AA7CBF508}.Release|Any CPU.Build.0 = Release|Any CPU
	EndGlobalSection
	GlobalSection(SolutionProperties) = preSolution
		HideSolutionNode = FALSE
	EndGlobalSection
	GlobalSection(ExtensibilityGlobals) = postSolution
		SolutionGuid = {FDD1B289-572A-409D-86A6-6922D1AD6CD3}
	EndGlobalSection
EndGlobal
