
Microsoft Visual Studio Solution File, Format Version 12.00
# Visual Studio Version 17
VisualStudioVersion = 17.5.002.0
MinimumVisualStudioVersion = 10.0.40219.1
Project("{9A19103F-16F7-4668-BE54-9A1E7A4F7556}") = "DemoMVC", "demoMVC\DemoMVC.csproj", "{C1BCEEE3-00CD-46F9-AB1E-7EEA3856A6F7}"
EndProject
Global
	GlobalSection(SolutionConfigurationPlatforms) = preSolution
		Debug|Any CPU = Debug|Any CPU
		Release|Any CPU = Release|Any CPU
	EndGlobalSection
	GlobalSection(ProjectConfigurationPlatforms) = postSolution
		{C1BCEEE3-00CD-46F9-AB1E-7EEA3856A6F7}.Debug|Any CPU.ActiveCfg = Debug|Any CPU
		{C1BCEEE3-00CD-46F9-AB1E-7EEA3856A6F7}.Debug|Any CPU.Build.0 = Debug|Any CPU
		{C1BCEEE3-00CD-46F9-AB1E-7EEA3856A6F7}.Release|Any CPU.ActiveCfg = Release|Any CPU
		{C1BCEEE3-00CD-46F9-AB1E-7EEA3856A6F7}.Release|Any CPU.Build.0 = Release|Any CPU
	EndGlobalSection
	GlobalSection(SolutionProperties) = preSolution
		HideSolutionNode = FALSE
	EndGlobalSection
	GlobalSection(ExtensibilityGlobals) = postSolution
		SolutionGuid = {E43E3218-502E-455F-9A75-8CA0E4898395}
	EndGlobalSection
EndGlobal
